
Microsoft Visual Studio Solution File, Format Version 12.00
# Visual Studio Version 16
VisualStudioVersion = 16.0.32407.337
MinimumVisualStudioVersion = 10.0.40219.1
Project("{FAE04EC0-301F-11D3-BF4B-00C04F79EFBC}") = "ImageProcessor", "ImageProcessor.csproj", "{797F807A-9A96-4FAB-914E-E43DBA639900}"
EndProject
Global
	GlobalSection(SolutionConfigurationPlatforms) = preSolution
		Debug|Any CPU = Debug|Any CPU
		Release|Any CPU = Release|Any CPU
	EndGlobalSection
	GlobalSection(ProjectConfigurationPlatforms) = postSolution
		{797F807A-9A96-4FAB-914E-E43DBA639900}.Debug|Any CPU.ActiveCfg = Debug|Any CPU
		{797F807A-9A96-4FAB-914E-E43DBA639900}.Debug|Any CPU.Build.0 = Debug|Any CPU
		{797F807A-9A96-4FAB-914E-E43DBA639900}.Release|Any CPU.ActiveCfg = Release|Any CPU
		{797F807A-9A96-4FAB-914E-E43DBA639900}.Release|Any CPU.Build.0 = Release|Any CPU
	EndGlobalSection
	GlobalSection(SolutionProperties) = preSolution
		HideSolutionNode = FALSE
	EndGlobalSection
	GlobalSection(ExtensibilityGlobals) = postSolution
		SolutionGuid = {7A0175E8-A526-4CFF-9564-4FDF17CAEE1F}
	EndGlobalSection
EndGlobal
